PODS:
  - OHAttributedStringAdditions (1.0.0)
  - OHHTTPStubs/XCTestExpectation (3.1.6)

DEPENDENCIES:
  - OHAttributedStringAdditions (from `../`)
  - OHHTTPStubs/XCTestExpectation

EXTERNAL SOURCES:
  OHAttributedStringAdditions:
    :path: ../

SPEC CHECKSUMS:
  OHAttributedStringAdditions: 880d2ee5f4ec737c122b7a47fcce59491a16309b
  OHHTTPStubs: 6781373b69e0a67b27239799f11764d0fbefac55

COCOAPODS: 0.34.4
